%{"anaphora": {:hex, :anaphora, "0.1.1"},
  "certifi": {:hex, :certifi, "0.3.0"},
  "connection": {:hex, :connection, "1.0.2"},
  "exml": {:git, "https://github.com/esl/exml.git", "d7b745fa89389b53706a07f33775f1f814c66cb4", []},
  "floki": {:hex, :floki, "0.7.1"},
  "hackney": {:hex, :hackney, "1.4.8"},
  "httpoison": {:hex, :httpoison, "0.8.1"},
  "idna": {:hex, :idna, "1.0.3"},
  "mimerl": {:hex, :mimerl, "1.0.2"},
  "mochiweb": {:hex, :mochiweb, "2.12.2"},
  "romeo": {:hex, :romeo, "0.4.0"},
  "ssl_verify_hostname": {:hex, :ssl_verify_hostname, "1.0.5"}}
